// !$*UTF8*$!
{
	archiveVersion = 1;
	classes = {
	};
	objectVersion = 77;
	objects = {

/* Begin PBXContainerItemProxy section */
		4D4EDEBD2E0455D800792574 /* PBXContainerItemProxy */ = {
			isa = PBXContainerItemProxy;
			containerPortal = 4D4EDEA32E0455D400792574 /* Project object */;
			proxyType = 1;
			remoteGlobalIDString = 4D4EDEAA2E0455D400792574;
			remoteInfo = SkillSwapApp;
		};
		4D4EDEC72E0455D800792574 /* PBXContainerItemProxy */ = {
			isa = PBXContainerItemProxy;
			containerPortal = 4D4EDEA32E0455D400792574 /* Project object */;
			proxyType = 1;
			remoteGlobalIDString = 4D4EDEAA2E0455D400792574;
			remoteInfo = SkillSwapApp;
		};
/* End PBXContainerItemProxy section */

/* Begin PBXFileReference section */
		4D4EDEAB2E0455D400792574 /* SkillSwapApp.app */ = {isa = PBXFileReference; explicitFileType = wrapper.application; includeInIndex = 0; path = SkillSwapApp.app; sourceTree = BUILT_PRODUCTS_DIR; };
		4D4EDEBC2E0455D800792574 /* SkillSwapAppTests.xctest */ = {isa = PBXFileReference; explicitFileType = wrapper.cfbundle; includeInIndex = 0; path = SkillSwapAppTests.xctest; sourceTree = BUILT_PRODUCTS_DIR; };
		4D4EDEC62E0455D800792574 /* SkillSwapAppUITests.xctest */ = {isa = PBXFileReference; explicitFileType = wrapper.cfbundle; includeInIndex = 0; path = SkillSwapAppUITests.xctest; sourceTree = BUILT_PRODUCTS_DIR; };
/* End PBXFileReference section */

/* Begin PBXFileSystemSynchronizedRootGroup section */
		4D4EDEAD2E0455D400792574 /* SkillSwapApp */ = {
			isa = PBXFileSystemSynchronizedRootGroup;
			path = SkillSwapApp;
			sourceTree = "<group>";
		};
		4D4EDEBF2E0455D800792574 /* SkillSwapAppTests */ = {
			isa = PBXFileSystemSynchronizedRootGroup;
			path = SkillSwapAppTests;
			sourceTree = "<group>";
		};
		4D4EDEC92E0455D800792574 /* SkillSwapAppUITests */ = {
			isa = PBXFileSystemSynchronizedRootGroup;
			path = SkillSwapAppUITests;
			sourceTree = "<group>";
		};
/* End PBXFileSystemSynchronizedRootGroup section */

/* Begin PBXFrameworksBuildPhase section */
		4D4EDEA82E0455D400792574 /* Frameworks */ = {
			isa = PBXFrameworksBuildPhase;
			buildActionMask = 2147483647;
			files = (
			);
			runOnlyForDeploymentPostprocessing = 0;
		};
		4D4EDEB92E0455D800792574 /* Frameworks */ = {
			isa = PBXFrameworksBuildPhase;
			buildActionMask = 2147483647;
			files = (
			);
			runOnlyForDeploymentPostprocessing = 0;
		};
		4D4EDEC32E0455D800792574 /* Frameworks */ = {
			isa = PBXFrameworksBuildPhase;
			buildActionMask = 2147483647;
			files = (
			);
			runOnlyForDeploymentPostprocessing = 0;
		};
/* End PBXFrameworksBuildPhase section */

/* Begin PBXGroup section */
		4D4EDEA22E0455D400792574 = {
			isa = PBXGroup;
			children = (
				4D4EDEAD2E0455D400792574 /* SkillSwapApp */,
				4D4EDEBF2E0455D800792574 /* SkillSwapAppTests */,
				4D4EDEC92E0455D800792574 /* SkillSwapAppUITests */,
				4D4EDEAC2E0455D400792574 /* Products */,
			);
			sourceTree = "<group>";
		};
		4D4EDEAC2E0455D400792574 /* Products */ = {
			isa = PBXGroup;
			children = (
				4D4EDEAB2E0455D400792574 /* SkillSwapApp.app */,
				4D4EDEBC2E0455D800792574 /* SkillSwapAppTests.xctest */,
				4D4EDEC62E0455D800792574 /* SkillSwapAppUITests.xctest */,
			);
			name = Products;
			sourceTree = "<group>";
		};
/* End PBXGroup section */

/* Begin PBXNativeTarget section */
		4D4EDEAA2E0455D400792574 /* SkillSwapApp */ = {
			isa = PBXNativeTarget;
			buildConfigurationList = 4D4EDED02E0455D800792574 /* Build configuration list for PBXNativeTarget "SkillSwapApp" */;
			buildPhases = (
				4D4EDEA72E0455D400792574 /* Sources */,
				4D4EDEA82E0455D400792574 /* Frameworks */,
				4D4EDEA92E0455D400792574 /* Resources */,
			);
			buildRules = (
			);
			dependencies = (
			);
			fileSystemSynchronizedGroups = (
				4D4EDEAD2E0455D400792574 /* SkillSwapApp */,
			);
			name = SkillSwapApp;
			packageProductDependencies = (
			);
			productName = SkillSwapApp;
			productReference = 4D4EDEAB2E0455D400792574 /* SkillSwapApp.app */;
			productType = "com.apple.product-type.application";
		};
		4D4EDEBB2E0455D800792574 /* SkillSwapAppTests */ = {
			isa = PBXNativeTarget;
			buildConfigurationList = 4D4EDED32E0455D800792574 /* Build configuration list for PBXNativeTarget "SkillSwapAppTests" */;
			buildPhases = (
				4D4EDEB82E0455D800792574 /* Sources */,
				4D4EDEB92E0455D800792574 /* Frameworks */,
				4D4EDEBA2E0455D800792574 /* Resources */,
			);
			buildRules = (
			);
			dependencies = (
				4D4EDEBE2E0455D800792574 /* PBXTargetDependency */,
			);
			fileSystemSynchronizedGroups = (
				4D4EDEBF2E0455D800792574 /* SkillSwapAppTests */,
			);
			name = SkillSwapAppTests;
			packageProductDependencies = (
			);
			productName = SkillSwapAppTests;
			productReference = 4D4EDEBC2E0455D800792574 /* SkillSwapAppTests.xctest */;
			productType = "com.apple.product-type.bundle.unit-test";
		};
		4D4EDEC52E0455D800792574 /* SkillSwapAppUITests */ = {
			isa = PBXNativeTarget;
			buildConfigurationList = 4D4EDED62E0455D800792574 /* Build configuration list for PBXNativeTarget "SkillSwapAppUITests" */;
			buildPhases = (
				4D4EDEC22E0455D800792574 /* Sources */,
				4D4EDEC32E0455D800792574 /* Frameworks */,
				4D4EDEC42E0455D800792574 /* Resources */,
			);
			buildRules = (
			);
			dependencies = (
				4D4EDEC82E0455D800792574 /* PBXTargetDependency */,
			);
			fileSystemSynchronizedGroups = (
				4D4EDEC92E0455D800792574 /* SkillSwapAppUITests */,
			);
			name = SkillSwapAppUITests;
			packageProductDependencies = (
			);
			productName = SkillSwapAppUITests;
			productReference = 4D4EDEC62E0455D800792574 /* SkillSwapAppUITests.xctest */;
			productType = "com.apple.product-type.bundle.ui-testing";
		};
/* End PBXNativeTarget section */

/* Begin PBXProject section */
		4D4EDEA32E0455D400792574 /* Project object */ = {
			isa = PBXProject;
			attributes = {
				BuildIndependentTargetsInParallel = 1;
				LastSwiftUpdateCheck = 1620;
				LastUpgradeCheck = 1620;
				TargetAttributes = {
					4D4EDEAA2E0455D400792574 = {
						CreatedOnToolsVersion = 16.2;
					};
					4D4EDEBB2E0455D800792574 = {
						CreatedOnToolsVersion = 16.2;
						TestTargetID = 4D4EDEAA2E0455D400792574;
					};
					4D4EDEC52E0455D800792574 = {
						CreatedOnToolsVersion = 16.2;
						TestTargetID = 4D4EDEAA2E0455D400792574;
					};
				};
			};
			buildConfigurationList = 4D4EDEA62E0455D400792574 /* Build configuration list for PBXProject "SkillSwapApp" */;
			developmentRegion = en;
			hasScannedForEncodings = 0;
			knownRegions = (
				en,
				Base,
			);
			mainGroup = 4D4EDEA22E0455D400792574;
			minimizedProjectReferenceProxies = 1;
			preferredProjectObjectVersion = 77;
			productRefGroup = 4D4EDEAC2E0455D400792574 /* Products */;
			projectDirPath = "";
			projectRoot = "";
			targets = (
				4D4EDEAA2E0455D400792574 /* SkillSwapApp */,
				4D4EDEBB2E0455D800792574 /* SkillSwapAppTests */,
				4D4EDEC52E0455D800792574 /* SkillSwapAppUITests */,
			);
		};
/* End PBXProject section */

/* Begin PBXResourcesBuildPhase section */
		4D4EDEA92E0455D400792574 /* Resources */ = {
			isa = PBXResourcesBuildPhase;
			buildActionMask = 2147483647;
			files = (
			);
			runOnlyForDeploymentPostprocessing = 0;
		};
		4D4EDEBA2E0455D800792574 /* Resources */ = {
			isa = PBXResourcesBuildPhase;
			buildActionMask = 2147483647;
			files = (
			);
			runOnlyForDeploymentPostprocessing = 0;
		};
		4D4EDEC42E0455D800792574 /* Resources */ = {
			isa = PBXResourcesBuildPhase;
			buildActionMask = 2147483647;
			files = (
			);
			runOnlyForDeploymentPostprocessing = 0;
		};
/* End PBXResourcesBuildPhase section */

/* Begin PBXSourcesBuildPhase section */
		4D4EDEA72E0455D400792574 /* Sources */ = {
			isa = PBXSourcesBuildPhase;
			buildActionMask = 2147483647;
			files = (
			);
			runOnlyForDeploymentPostprocessing = 0;
		};
		4D4EDEB82E0455D800792574 /* Sources */ = {
			isa = PBXSourcesBuildPhase;
			buildActionMask = 2147483647;
			files = (
			);
			runOnlyForDeploymentPostprocessing = 0;
		};
		4D4EDEC22E0455D800792574 /* Sources */ = {
			isa = PBXSourcesBuildPhase;
			buildActionMask = 2147483647;
			files = (
			);
			runOnlyForDeploymentPostprocessing = 0;
		};
/* End PBXSourcesBuildPhase section */

/* Begin PBXTargetDependency section */
		4D4EDEBE2E0455D800792574 /* PBXTargetDependency */ = {
			isa = PBXTargetDependency;
			target = 4D4EDEAA2E0455D400792574 /* SkillSwapApp */;
			targetProxy = 4D4EDEBD2E0455D800792574 /* PBXContainerItemProxy */;
		};
		4D4EDEC82E0455D800792574 /* PBXTargetDependency */ = {
			isa = PBXTargetDependency;
			target = 4D4EDEAA2E0455D400792574 /* SkillSwapApp */;
			targetProxy = 4D4EDEC72E0455D800792574 /* PBXContainerItemProxy */;
		};
/* End PBXTargetDependency section */

/* Begin XCBuildConfiguration section */
		4D4EDECE2E0455D800792574 /* Debug */ = {
			isa = XCBuildConfiguration;
			buildSettings = {
				ALWAYS_SEARCH_USER_PATHS = NO;
				ASSETCATALOG_COMPILER_GENERATE_SWIFT_ASSET_SYMBOL_EXTENSIONS = YES;
				CLANG_ANALYZER_NONNULL = YES;
				CLANG_ANALYZER_NUMBER_OBJECT_CONVERSION = YES_AGGRESSIVE;
				CLANG_CXX_LANGUAGE_STANDARD = "gnu++20";
				CLANG_ENABLE_MODULES = YES;
				CLANG_ENABLE_OBJC_ARC = YES;
				CLANG_ENABLE_OBJC_WEAK = YES;
				CLANG_WARN_BLOCK_CAPTURE_AUTORELEASING = YES;
				CLANG_WARN_BOOL_CONVERSION = YES;
				CLANG_WARN_COMMA = YES;
				CLANG_WARN_CONSTANT_CONVERSION = YES;
				CLANG_WARN_DEPRECATED_OBJC_IMPLEMENTATIONS = YES;
				CLANG_WARN_DIRECT_OBJC_ISA_USAGE = YES_ERROR;
				CLANG_WARN_DOCUMENTATION_COMMENTS = YES;
				CLANG_WARN_EMPTY_BODY = YES;
				CLANG_WARN_ENUM_CONVERSION = YES;
				CLANG_WARN_INFINITE_RECURSION = YES;
				CLANG_WARN_INT_CONVERSION = YES;
				CLANG_WARN_NON_LITERAL_NULL_CONVERSION = YES;
				CLANG_WARN_OBJC_IMPLICIT_RETAIN_SELF = YES;
				CLANG_WARN_OBJC_LITERAL_CONVERSION = YES;
				CLANG_WARN_OBJC_ROOT_CLASS = YES_ERROR;
				CLANG_WARN_QUOTED_INCLUDE_IN_FRAMEWORK_HEADER = YES;
				CLANG_WARN_RANGE_LOOP_ANALYSIS = YES;
				CLANG_WARN_STRICT_PROTOTYPES = YES;
				CLANG_WARN_SUSPICIOUS_MOVE = YES;
				CLANG_WARN_UNGUARDED_AVAILABILITY = YES_AGGRESSIVE;
				CLANG_WARN_UNREACHABLE_CODE = YES;
				CLANG_WARN__DUPLICATE_METHOD_MATCH = YES;
				COPY_PHASE_STRIP = NO;
				DEBUG_INFORMATION_FORMAT = dwarf;
				ENABLE_STRICT_OBJC_MSGSEND = YES;
				ENABLE_TESTABILITY = YES;
				ENABLE_USER_SCRIPT_SANDBOXING = YES;
				GCC_C_LANGUAGE_STANDARD = gnu17;
				GCC_DYNAMIC_NO_PIC = NO;
				GCC_NO_COMMON_BLOCKS = YES;
				GCC_OPTIMIZATION_LEVEL = 0;
				GCC_PREPROCESSOR_DEFINITIONS = (
					"DEBUG=1",
					"$(inherited)",
				);
				GCC_WARN_64_TO_32_BIT_CONVERSION = YES;
				GCC_WARN_ABOUT_RETURN_TYPE = YES_ERROR;
				GCC_WARN_UNDECLARED_SELECTOR = YES;
				GCC_WARN_UNINITIALIZED_AUTOS = YES_AGGRESSIVE;
				GCC_WARN_UNUSED_FUNCTION = YES;
				GCC_WARN_UNUSED_VARIABLE = YES;
				LOCALIZATION_PREFERS_STRING_CATALOGS = YES;
				MACOSX_DEPLOYMENT_TARGET = 14.5;
				MTL_ENABLE_DEBUG_INFO = INCLUDE_SOURCE;
				MTL_FAST_MATH = YES;
				ONLY_ACTIVE_ARCH = YES;
				SDKROOT = macosx;
				SWIFT_ACTIVE_COMPILATION_CONDITIONS = "DEBUG $(inherited)";
				SWIFT_OPTIMIZATION_LEVEL = "-Onone";
			};
			name = Debug;
		};
		4D4EDECF2E0455D800792574 /* Release */ = {
			isa = XCBuildConfiguration;
			buildSettings = {
				ALWAYS_SEARCH_USER_PATHS = NO;
				ASSETCATALOG_COMPILER_GENERATE_SWIFT_ASSET_SYMBOL_EXTENSIONS = YES;
				CLANG_ANALYZER_NONNULL = YES;
				CLANG_ANALYZER_NUMBER_OBJECT_CONVERSION = YES_AGGRESSIVE;
				CLANG_CXX_LANGUAGE_STANDARD = "gnu++20";
				CLANG_ENABLE_MODULES = YES;
				CLANG_ENABLE_OBJC_ARC = YES;
				CLANG_ENABLE_OBJC_WEAK = YES;
				CLANG_WARN_BLOCK_CAPTURE_AUTORELEASING = YES;
				CLANG_WARN_BOOL_CONVERSION = YES;
				CLANG_WARN_COMMA = YES;
				CLANG_WARN_CONSTANT_CONVERSION = YES;
				CLANG_WARN_DEPRECATED_OBJC_IMPLEMENTATIONS = YES;
				CLANG_WARN_DIRECT_OBJC_ISA_USAGE = YES_ERROR;
				CLANG_WARN_DOCUMENTATION_COMMENTS = YES;
				CLANG_WARN_EMPTY_BODY = YES;
				CLANG_WARN_ENUM_CONVERSION = YES;
				CLANG_WARN_INFINITE_RECURSION = YES;
				CLANG_WARN_INT_CONVERSION = YES;
				CLANG_WARN_NON_LITERAL_NULL_CONVERSION = YES;
				CLANG_WARN_OBJC_IMPLICIT_RETAIN_SELF = YES;
				CLANG_WARN_OBJC_LITERAL_CONVERSION = YES;
				CLANG_WARN_OBJC_ROOT_CLASS = YES_ERROR;
				CLANG_WARN_QUOTED_INCLUDE_IN_FRAMEWORK_HEADER = YES;
				CLANG_WARN_RANGE_LOOP_ANALYSIS = YES;
				CLANG_WARN_STRICT_PROTOTYPES = YES;
				CLANG_WARN_SUSPICIOUS_MOVE = YES;
				CLANG_WARN_UNGUARDED_AVAILABILITY = YES_AGGRESSIVE;
				CLANG_WARN_UNREACHABLE_CODE = YES;
				CLANG_WARN__DUPLICATE_METHOD_MATCH = YES;
				COPY_PHASE_STRIP = NO;
				DEBUG_INFORMATION_FORMAT = "dwarf-with-dsym";
				ENABLE_NS_ASSERTIONS = NO;
				ENABLE_STRICT_OBJC_MSGSEND = YES;
				ENABLE_USER_SCRIPT_SANDBOXING = YES;
				GCC_C_LANGUAGE_STANDARD = gnu17;
				GCC_NO_COMMON_BLOCKS = YES;
				GCC_WARN_64_TO_32_BIT_CONVERSION = YES;
				GCC_WARN_ABOUT_RETURN_TYPE = YES_ERROR;
				GCC_WARN_UNDECLARED_SELECTOR = YES;
				GCC_WARN_UNINITIALIZED_AUTOS = YES_AGGRESSIVE;
				GCC_WARN_UNUSED_FUNCTION = YES;
				GCC_WARN_UNUSED_VARIABLE = YES;
				LOCALIZATION_PREFERS_STRING_CATALOGS = YES;
				MACOSX_DEPLOYMENT_TARGET = 14.5;
				MTL_ENABLE_DEBUG_INFO = NO;
				MTL_FAST_MATH = YES;
				SDKROOT = macosx;
				SWIFT_COMPILATION_MODE = wholemodule;
			};
			name = Release;
		};
		4D4EDED12E0455D800792574 /* Debug */ = {
			isa = XCBuildConfiguration;
			buildSettings = {
				ASSETCATALOG_COMPILER_APPICON_NAME = AppIcon;
				ASSETCATALOG_COMPILER_GLOBAL_ACCENT_COLOR_NAME = AccentColor;
				CODE_SIGN_ENTITLEMENTS = SkillSwapApp/SkillSwapApp.entitlements;
				CODE_SIGN_STYLE = Automatic;
				COMBINE_HIDPI_IMAGES = YES;
				CURRENT_PROJECT_VERSION = 1;
				DEVELOPMENT_ASSET_PATHS = "\"SkillSwapApp/Preview Content\"";
				ENABLE_PREVIEWS = YES;
				GENERATE_INFOPLIST_FILE = YES;
				INFOPLIST_KEY_NSHumanReadableCopyright = "";
				LD_RUNPATH_SEARCH_PATHS = (
					"$(inherited)",
					"@executable_path/../Frameworks",
				);
				MARKETING_VERSION = 1.0;
				PRODUCT_BUNDLE_IDENTIFIER = com.SkillSwapApp;
				PRODUCT_NAME = "$(TARGET_NAME)";
				SUPPORTED_PLATFORMS = "iphoneos iphonesimulator";
				SUPPORTS_MACCATALYST = YES;
				SWIFT_EMIT_LOC_STRINGS = YES;
				SWIFT_VERSION = 5.0;
				TARGETED_DEVICE_FAMILY = "1,2";
			};
			name = Debug;
		};
		4D4EDED22E0455D800792574 /* Release */ = {
			isa = XCBuildConfiguration;
			buildSettings = {
				ASSETCATALOG_COMPILER_APPICON_NAME = AppIcon;
				ASSETCATALOG_COMPILER_GLOBAL_ACCENT_COLOR_NAME = AccentColor;
				CODE_SIGN_ENTITLEMENTS = SkillSwapApp/SkillSwapApp.entitlements;
				CODE_SIGN_STYLE = Automatic;
				COMBINE_HIDPI_IMAGES = YES;
				CURRENT_PROJECT_VERSION = 1;
				DEVELOPMENT_ASSET_PATHS = "\"SkillSwapApp/Preview Content\"";
				ENABLE_PREVIEWS = YES;
				GENERATE_INFOPLIST_FILE = YES;
				INFOPLIST_KEY_NSHumanReadableCopyright = "";
				LD_RUNPATH_SEARCH_PATHS = (
					"$(inherited)",
					"@executable_path/../Frameworks",
				);
				MARKETING_VERSION = 1.0;
				PRODUCT_BUNDLE_IDENTIFIER = com.SkillSwapApp;
				PRODUCT_NAME = "$(TARGET_NAME)";
				SUPPORTED_PLATFORMS = "iphoneos iphonesimulator";
				SUPPORTS_MACCATALYST = YES;
				SWIFT_EMIT_LOC_STRINGS = YES;
				SWIFT_VERSION = 5.0;
				TARGETED_DEVICE_FAMILY = "1,2";
			};
			name = Release;
		};
		4D4EDED42E0455D800792574 /* Debug */ = {
			isa = XCBuildConfiguration;
			buildSettings = {
				BUNDLE_LOADER = "$(TEST_HOST)";
				CODE_SIGN_STYLE = Automatic;
				CURRENT_PROJECT_VERSION = 1;
				GENERATE_INFOPLIST_FILE = YES;
				MACOSX_DEPLOYMENT_TARGET = 14.5;
				MARKETING_VERSION = 1.0;
				PRODUCT_BUNDLE_IDENTIFIER = com.SkillSwapAppTests;
				PRODUCT_NAME = "$(TARGET_NAME)";
				SWIFT_EMIT_LOC_STRINGS = NO;
				SWIFT_VERSION = 5.0;
				TEST_HOST = "$(BUILT_PRODUCTS_DIR)/SkillSwapApp.app/$(BUNDLE_EXECUTABLE_FOLDER_PATH)/SkillSwapApp";
			};
			name = Debug;
		};
		4D4EDED52E0455D800792574 /* Release */ = {
			isa = XCBuildConfiguration;
			buildSettings = {
				BUNDLE_LOADER = "$(TEST_HOST)";
				CODE_SIGN_STYLE = Automatic;
				CURRENT_PROJECT_VERSION = 1;
				GENERATE_INFOPLIST_FILE = YES;
				MACOSX_DEPLOYMENT_TARGET = 14.5;
				MARKETING_VERSION = 1.0;
				PRODUCT_BUNDLE_IDENTIFIER = com.SkillSwapAppTests;
				PRODUCT_NAME = "$(TARGET_NAME)";
				SWIFT_EMIT_LOC_STRINGS = NO;
				SWIFT_VERSION = 5.0;
				TEST_HOST = "$(BUILT_PRODUCTS_DIR)/SkillSwapApp.app/$(BUNDLE_EXECUTABLE_FOLDER_PATH)/SkillSwapApp";
			};
			name = Release;
		};
		4D4EDED72E0455D800792574 /* Debug */ = {
			isa = XCBuildConfiguration;
			buildSettings = {
				CODE_SIGN_STYLE = Automatic;
				CURRENT_PROJECT_VERSION = 1;
				GENERATE_INFOPLIST_FILE = YES;
				MARKETING_VERSION = 1.0;
				PRODUCT_BUNDLE_IDENTIFIER = com.SkillSwapAppUITests;
				PRODUCT_NAME = "$(TARGET_NAME)";
				SWIFT_EMIT_LOC_STRINGS = NO;
				SWIFT_VERSION = 5.0;
				TEST_TARGET_NAME = SkillSwapApp;
			};
			name = Debug;
		};
		4D4EDED82E0455D800792574 /* Release */ = {
			isa = XCBuildConfiguration;
			buildSettings = {
				CODE_SIGN_STYLE = Automatic;
				CURRENT_PROJECT_VERSION = 1;
				GENERATE_INFOPLIST_FILE = YES;
				MARKETING_VERSION = 1.0;
				PRODUCT_BUNDLE_IDENTIFIER = com.SkillSwapAppUITests;
				PRODUCT_NAME = "$(TARGET_NAME)";
				SWIFT_EMIT_LOC_STRINGS = NO;
				SWIFT_VERSION = 5.0;
				TEST_TARGET_NAME = SkillSwapApp;
			};
			name = Release;
		};
/* End XCBuildConfiguration section */

/* Begin XCConfigurationList section */
		4D4EDEA62E0455D400792574 /* Build configuration list for PBXProject "SkillSwapApp" */ = {
			isa = XCConfigurationList;
			buildConfigurations = (
				4D4EDECE2E0455D800792574 /* Debug */,
				4D4EDECF2E0455D800792574 /* Release */,
			);
			defaultConfigurationIsVisible = 0;
			defaultConfigurationName = Release;
		};
		4D4EDED02E0455D800792574 /* Build configuration list for PBXNativeTarget "SkillSwapApp" */ = {
			isa = XCConfigurationList;
			buildConfigurations = (
				4D4EDED12E0455D800792574 /* Debug */,
				4D4EDED22E0455D800792574 /* Release */,
			);
			defaultConfigurationIsVisible = 0;
			defaultConfigurationName = Release;
		};
		4D4EDED32E0455D800792574 /* Build configuration list for PBXNativeTarget "SkillSwapAppTests" */ = {
			isa = XCConfigurationList;
			buildConfigurations = (
				4D4EDED42E0455D800792574 /* Debug */,
				4D4EDED52E0455D800792574 /* Release */,
			);
			defaultConfigurationIsVisible = 0;
			defaultConfigurationName = Release;
		};
		4D4EDED62E0455D800792574 /* Build configuration list for PBXNativeTarget "SkillSwapAppUITests" */ = {
			isa = XCConfigurationList;
			buildConfigurations = (
				4D4EDED72E0455D800792574 /* Debug */,
				4D4EDED82E0455D800792574 /* Release */,
			);
			defaultConfigurationIsVisible = 0;
			defaultConfigurationName = Release;
		};
/* End XCConfigurationList section */
	};
	rootObject = 4D4EDEA32E0455D400792574 /* Project object */;
}
